
Microsoft Visual Studio Solution File, Format Version 12.00
# Visual Studio Version 16
VisualStudioVersion = 16.0.29613.14
MinimumVisualStudioVersion = 10.0.40219.1
Project("{8BC9CEB8-8B4A-11D0-8D11-00A0C91BC942}") = "Lecture01_01", "Lecture01_01\Lecture01_01.vcxproj", "{6AF60122-F5C2-4AED-8E06-259378F8851F}"
EndProject
Project("{8BC9CEB8-8B4A-11D0-8D11-00A0C91BC942}") = "Lecture01_03", "Lecture01_03\Lecture01_03.vcxproj", "{4F2CD979-1B8B-4D3B-87B2-4551AB9A0747}"
EndProject
Project("{8BC9CEB8-8B4A-11D0-8D11-00A0C91BC942}") = "Lecture01_04", "Lecture01_04\Lecture01_04.vcxproj", "{31E7C035-FABB-41F0-A087-242DDDCEC7C2}"
EndProject
Project("{8BC9CEB8-8B4A-11D0-8D11-00A0C91BC942}") = "Lecture01_05", "Lecture01_05\Lecture01_05.vcxproj", "{573104C5-F5CF-45FA-9807-E63F27D18720}"
EndProject
Project("{8BC9CEB8-8B4A-11D0-8D11-00A0C91BC942}") = "Lecture01_06", "Lecture01_06\Lecture01_06.vcxproj", "{449CE46A-ED75-44BB-815A-8AFDBD99C924}"
EndProject
Project("{8BC9CEB8-8B4A-11D0-8D11-00A0C91BC942}") = "Lecture01_07", "Lecture01_07\Lecture01_07.vcxproj", "{22D141EF-9AAE-4338-B5C5-168AEE97371D}"
EndProject
Project("{8BC9CEB8-8B4A-11D0-8D11-00A0C91BC942}") = "Lecture01_08", "Lecture01_08\Lecture01_08.vcxproj", "{E435A64E-23B5-4BC0-BD6B-85045208AF70}"
EndProject
Project("{8BC9CEB8-8B4A-11D0-8D11-00A0C91BC942}") = "Lecture01_09", "Lecture01_09\Lecture01_09.vcxproj", "{D9EFB603-CAD8-423A-9C16-61E65C1A1EE2}"
EndProject
Project("{8BC9CEB8-8B4A-11D0-8D11-00A0C91BC942}") = "Lecture01_10", "Lecture01_10\Lecture01_10.vcxproj", "{FEEDF4BB-E68C-47D1-8927-753FA61777C4}"
EndProject
Project("{8BC9CEB8-8B4A-11D0-8D11-00A0C91BC942}") = "Lecture01_11", "Lecture01_11\Lecture01_11.vcxproj", "{63995839-D695-4E91-B636-968EC5BDB066}"
EndProject
Project("{8BC9CEB8-8B4A-11D0-8D11-00A0C91BC942}") = "Lecture01_12", "Lecture01_12\Lecture01_12.vcxproj", "{F03EE693-2268-4CBA-BD04-8937F6B1B875}"
EndProject
Project("{8BC9CEB8-8B4A-11D0-8D11-00A0C91BC942}") = "Lecture01_13", "Lecture01_13\Lecture01_13.vcxproj", "{718A26E1-A79E-45BC-B703-F97F1B7F9D8A}"
EndProject
Project("{8BC9CEB8-8B4A-11D0-8D11-00A0C91BC942}") = "Lecture01_14", "Lecture01_14\Lecture01_14.vcxproj", "{2BD094B1-0330-4258-B889-BF3BDD09FDEB}"
EndProject
Project("{8BC9CEB8-8B4A-11D0-8D11-00A0C91BC942}") = "Lecture02_01", "Lecture02_01\Lecture02_01.vcxproj", "{E0269B43-0492-418A-BD8D-9EEE4A60CBD5}"
EndProject
Project("{8BC9CEB8-8B4A-11D0-8D11-00A0C91BC942}") = "Lecture01_07_1", "Lecture01_07_1\Lecture01_07_1.vcxproj", "{77ED1E45-E59E-4FFD-B08F-E4E64A70F999}"
EndProject
Project("{8BC9CEB8-8B4A-11D0-8D11-00A0C91BC942}") = "Lecture01_02", "Lecture01_02\Lecture01_02.vcxproj", "{627F0012-A9F7-4443-B8C2-D57726A1F096}"
EndProject
Project("{8BC9CEB8-8B4A-11D0-8D11-00A0C91BC942}") = "Lecture02_02", "Lecture02_02\Lecture02_02.vcxproj", "{836E0074-CBF3-455D-942E-C2FAC5A23C7E}"
EndProject
Project("{8BC9CEB8-8B4A-11D0-8D11-00A0C91BC942}") = "Lecture02_03", "Lecture02_03\Lecture02_03.vcxproj", "{9DF1C0A4-2741-411E-9F65-94B068D16F3D}"
EndProject
Project("{8BC9CEB8-8B4A-11D0-8D11-00A0C91BC942}") = "Lecture02_04", "Lecture02_04\Lecture02_04.vcxproj", "{B8D03D04-B1BA-4171-9799-D9FC7A50876E}"
EndProject
Project("{8BC9CEB8-8B4A-11D0-8D11-00A0C91BC942}") = "Lecture02_05", "Lecture02_05\Lecture02_05.vcxproj", "{6B46DB7C-7269-45D9-B639-001FA0551755}"
EndProject
Project("{8BC9CEB8-8B4A-11D0-8D11-00A0C91BC942}") = "Lecture02_06", "Lecture02_06\Lecture02_06.vcxproj", "{ADA41162-FA95-4596-9539-F7012DB490D1}"
EndProject
Project("{8BC9CEB8-8B4A-11D0-8D11-00A0C91BC942}") = "Lecture02_07", "Lecture02_07\Lecture02_07.vcxproj", "{D35E0E69-B22F-44DD-9088-2917E55496BE}"
EndProject
Project("{8BC9CEB8-8B4A-11D0-8D11-00A0C91BC942}") = "Lecture02_08", "Lecture02_08\Lecture02_08.vcxproj", "{8E0DE233-544B-41A1-8BC7-34DDA046CDC4}"
EndProject
Project("{8BC9CEB8-8B4A-11D0-8D11-00A0C91BC942}") = "Lecture02_09", "Lecture02_09\Lecture02_09.vcxproj", "{0015FB6E-C492-4E60-9CD3-38601242721E}"
EndProject
Project("{8BC9CEB8-8B4A-11D0-8D11-00A0C91BC942}") = "Lecture03_01", "Lecture03_01\Lecture03_01.vcxproj", "{E77B1577-146F-4AE4-9E89-3CFA9CF129AC}"
EndProject
Project("{8BC9CEB8-8B4A-11D0-8D11-00A0C91BC942}") = "Lecture03_02", "Lecture03_02\Lecture03_02.vcxproj", "{0E262382-63BA-448D-9FF0-B012C340E665}"
EndProject
Project("{8BC9CEB8-8B4A-11D0-8D11-00A0C91BC942}") = "Lecture03_03", "Lecture03_03\Lecture03_03.vcxproj", "{AF62DB74-F166-42CF-8C53-FF9C1AA1E66C}"
EndProject
Project("{8BC9CEB8-8B4A-11D0-8D11-00A0C91BC942}") = "Lecture03_04", "Lecture03_04\Lecture03_04.vcxproj", "{27D07AF0-5D4F-4736-8DAC-E330A0FB6733}"
EndProject
Project("{8BC9CEB8-8B4A-11D0-8D11-00A0C91BC942}") = "Lecture03_05", "Lecture03_05\Lecture03_05.vcxproj", "{3E8C7580-14F8-4C30-B21E-3004C5DB8B92}"
EndProject
Project("{8BC9CEB8-8B4A-11D0-8D11-00A0C91BC942}") = "Lecture03_06", "Lecture03_06\Lecture03_06.vcxproj", "{F6BCAC6E-A504-4CB6-9AA8-35643BCA9301}"
EndProject
Project("{8BC9CEB8-8B4A-11D0-8D11-00A0C91BC942}") = "Lecture03_07", "Lecture03_07\Lecture03_07.vcxproj", "{A955FC71-5312-4EB3-A771-7385C5C75D6A}"
EndProject
Project("{8BC9CEB8-8B4A-11D0-8D11-00A0C91BC942}") = "Lecture03_08", "Lecture03_08\Lecture03_08.vcxproj", "{244C0E3B-D350-4E9F-99C6-EA381ED993D2}"
EndProject
Project("{8BC9CEB8-8B4A-11D0-8D11-00A0C91BC942}") = "Lecture03_09", "Lecture03_09\Lecture03_09.vcxproj", "{BC9E51CF-D5E2-4D5B-8DED-5E65F43808D0}"
EndProject
Project("{8BC9CEB8-8B4A-11D0-8D11-00A0C91BC942}") = "Lecture03_09_1", "Lecture03_09_1\Lecture03_09_1.vcxproj", "{9CB3AF5E-D3E7-4E67-BB46-06F7BE2FDA80}"
EndProject
Project("{8BC9CEB8-8B4A-11D0-8D11-00A0C91BC942}") = "Lecture04_01", "Lecture04_01\Lecture04_01.vcxproj", "{DF2E58C4-7A40-44E2-AC70-30EC00EE53F1}"
EndProject
Project("{8BC9CEB8-8B4A-11D0-8D11-00A0C91BC942}") = "Lecture04_02", "Lecture04_02\Lecture04_02.vcxproj", "{FFA5028F-7093-4564-A24B-22E94965B575}"
EndProject
Project("{8BC9CEB8-8B4A-11D0-8D11-00A0C91BC942}") = "Lecture04_03", "Lecture04_03\Lecture04_03.vcxproj", "{A5D0B329-C724-439B-8DF5-93AA0D79B8C8}"
EndProject
Project("{8BC9CEB8-8B4A-11D0-8D11-00A0C91BC942}") = "Lecture04_04", "Lecture04_04\Lecture04_04.vcxproj", "{203783DD-15BF-4E0A-8F51-AF555D41B00C}"
EndProject
Global
	GlobalSection(SolutionConfigurationPlatforms) = preSolution
		Debug|x64 = Debug|x64
		Debug|x86 = Debug|x86
		Release|x64 = Release|x64
		Release|x86 = Release|x86
	EndGlobalSection
	GlobalSection(ProjectConfigurationPlatforms) = postSolution
		{6AF60122-F5C2-4AED-8E06-259378F8851F}.Debug|x64.ActiveCfg = Debug|x64
		{6AF60122-F5C2-4AED-8E06-259378F8851F}.Debug|x64.Build.0 = Debug|x64
		{6AF60122-F5C2-4AED-8E06-259378F8851F}.Debug|x86.ActiveCfg = Debug|Win32
		{6AF60122-F5C2-4AED-8E06-259378F8851F}.Debug|x86.Build.0 = Debug|Win32
		{6AF60122-F5C2-4AED-8E06-259378F8851F}.Release|x64.ActiveCfg = Release|x64
		{6AF60122-F5C2-4AED-8E06-259378F8851F}.Release|x64.Build.0 = Release|x64
		{6AF60122-F5C2-4AED-8E06-259378F8851F}.Release|x86.ActiveCfg = Release|Win32
		{6AF60122-F5C2-4AED-8E06-259378F8851F}.Release|x86.Build.0 = Release|Win32
		{4F2CD979-1B8B-4D3B-87B2-4551AB9A0747}.Debug|x64.ActiveCfg = Debug|x64
		{4F2CD979-1B8B-4D3B-87B2-4551AB9A0747}.Debug|x64.Build.0 = Debug|x64
		{4F2CD979-1B8B-4D3B-87B2-4551AB9A0747}.Debug|x86.ActiveCfg = Debug|Win32
		{4F2CD979-1B8B-4D3B-87B2-4551AB9A0747}.Debug|x86.Build.0 = Debug|Win32
		{4F2CD979-1B8B-4D3B-87B2-4551AB9A0747}.Release|x64.ActiveCfg = Release|x64
		{4F2CD979-1B8B-4D3B-87B2-4551AB9A0747}.Release|x64.Build.0 = Release|x64
		{4F2CD979-1B8B-4D3B-87B2-4551AB9A0747}.Release|x86.ActiveCfg = Release|Win32
		{4F2CD979-1B8B-4D3B-87B2-4551AB9A0747}.Release|x86.Build.0 = Release|Win32
		{31E7C035-FABB-41F0-A087-242DDDCEC7C2}.Debug|x64.ActiveCfg = Debug|x64
		{31E7C035-FABB-41F0-A087-242DDDCEC7C2}.Debug|x64.Build.0 = Debug|x64
		{31E7C035-FABB-41F0-A087-242DDDCEC7C2}.Debug|x86.ActiveCfg = Debug|Win32
		{31E7C035-FABB-41F0-A087-242DDDCEC7C2}.Debug|x86.Build.0 = Debug|Win32
		{31E7C035-FABB-41F0-A087-242DDDCEC7C2}.Release|x64.ActiveCfg = Release|x64
		{31E7C035-FABB-41F0-A087-242DDDCEC7C2}.Release|x64.Build.0 = Release|x64
		{31E7C035-FABB-41F0-A087-242DDDCEC7C2}.Release|x86.ActiveCfg = Release|Win32
		{31E7C035-FABB-41F0-A087-242DDDCEC7C2}.Release|x86.Build.0 = Release|Win32
		{573104C5-F5CF-45FA-9807-E63F27D18720}.Debug|x64.ActiveCfg = Debug|x64
		{573104C5-F5CF-45FA-9807-E63F27D18720}.Debug|x64.Build.0 = Debug|x64
		{573104C5-F5CF-45FA-9807-E63F27D18720}.Debug|x86.ActiveCfg = Debug|Win32
		{573104C5-F5CF-45FA-9807-E63F27D18720}.Debug|x86.Build.0 = Debug|Win32
		{573104C5-F5CF-45FA-9807-E63F27D18720}.Release|x64.ActiveCfg = Release|x64
		{573104C5-F5CF-45FA-9807-E63F27D18720}.Release|x64.Build.0 = Release|x64
		{573104C5-F5CF-45FA-9807-E63F27D18720}.Release|x86.ActiveCfg = Release|Win32
		{573104C5-F5CF-45FA-9807-E63F27D18720}.Release|x86.Build.0 = Release|Win32
		{449CE46A-ED75-44BB-815A-8AFDBD99C924}.Debug|x64.ActiveCfg = Debug|x64
		{449CE46A-ED75-44BB-815A-8AFDBD99C924}.Debug|x64.Build.0 = Debug|x64
		{449CE46A-ED75-44BB-815A-8AFDBD99C924}.Debug|x86.ActiveCfg = Debug|Win32
		{449CE46A-ED75-44BB-815A-8AFDBD99C924}.Debug|x86.Build.0 = Debug|Win32
		{449CE46A-ED75-44BB-815A-8AFDBD99C924}.Release|x64.ActiveCfg = Release|x64
		{449CE46A-ED75-44BB-815A-8AFDBD99C924}.Release|x64.Build.0 = Release|x64
		{449CE46A-ED75-44BB-815A-8AFDBD99C924}.Release|x86.ActiveCfg = Release|Win32
		{449CE46A-ED75-44BB-815A-8AFDBD99C924}.Release|x86.Build.0 = Release|Win32
		{22D141EF-9AAE-4338-B5C5-168AEE97371D}.Debug|x64.ActiveCfg = Debug|x64
		{22D141EF-9AAE-4338-B5C5-168AEE97371D}.Debug|x64.Build.0 = Debug|x64
		{22D141EF-9AAE-4338-B5C5-168AEE97371D}.Debug|x86.ActiveCfg = Debug|Win32
		{22D141EF-9AAE-4338-B5C5-168AEE97371D}.Debug|x86.Build.0 = Debug|Win32
		{22D141EF-9AAE-4338-B5C5-168AEE97371D}.Release|x64.ActiveCfg = Release|x64
		{22D141EF-9AAE-4338-B5C5-168AEE97371D}.Release|x64.Build.0 = Release|x64
		{22D141EF-9AAE-4338-B5C5-168AEE97371D}.Release|x86.ActiveCfg = Release|Win32
		{22D141EF-9AAE-4338-B5C5-168AEE97371D}.Release|x86.Build.0 = Release|Win32
		{E435A64E-23B5-4BC0-BD6B-85045208AF70}.Debug|x64.ActiveCfg = Debug|x64
		{E435A64E-23B5-4BC0-BD6B-85045208AF70}.Debug|x64.Build.0 = Debug|x64
		{E435A64E-23B5-4BC0-BD6B-85045208AF70}.Debug|x86.ActiveCfg = Debug|Win32
		{E435A64E-23B5-4BC0-BD6B-85045208AF70}.Debug|x86.Build.0 = Debug|Win32
		{E435A64E-23B5-4BC0-BD6B-85045208AF70}.Release|x64.ActiveCfg = Release|x64
		{E435A64E-23B5-4BC0-BD6B-85045208AF70}.Release|x64.Build.0 = Release|x64
		{E435A64E-23B5-4BC0-BD6B-85045208AF70}.Release|x86.ActiveCfg = Release|Win32
		{E435A64E-23B5-4BC0-BD6B-85045208AF70}.Release|x86.Build.0 = Release|Win32
		{D9EFB603-CAD8-423A-9C16-61E65C1A1EE2}.Debug|x64.ActiveCfg = Debug|x64
		{D9EFB603-CAD8-423A-9C16-61E65C1A1EE2}.Debug|x64.Build.0 = Debug|x64
		{D9EFB603-CAD8-423A-9C16-61E65C1A1EE2}.Debug|x86.ActiveCfg = Debug|Win32
		{D9EFB603-CAD8-423A-9C16-61E65C1A1EE2}.Debug|x86.Build.0 = Debug|Win32
		{D9EFB603-CAD8-423A-9C16-61E65C1A1EE2}.Release|x64.ActiveCfg = Release|x64
		{D9EFB603-CAD8-423A-9C16-61E65C1A1EE2}.Release|x64.Build.0 = Release|x64
		{D9EFB603-CAD8-423A-9C16-61E65C1A1EE2}.Release|x86.ActiveCfg = Release|Win32
		{D9EFB603-CAD8-423A-9C16-61E65C1A1EE2}.Release|x86.Build.0 = Release|Win32
		{FEEDF4BB-E68C-47D1-8927-753FA61777C4}.Debug|x64.ActiveCfg = Debug|x64
		{FEEDF4BB-E68C-47D1-8927-753FA61777C4}.Debug|x64.Build.0 = Debug|x64
		{FEEDF4BB-E68C-47D1-8927-753FA61777C4}.Debug|x86.ActiveCfg = Debug|Win32
		{FEEDF4BB-E68C-47D1-8927-753FA61777C4}.Debug|x86.Build.0 = Debug|Win32
		{FEEDF4BB-E68C-47D1-8927-753FA61777C4}.Release|x64.ActiveCfg = Release|x64
		{FEEDF4BB-E68C-47D1-8927-753FA61777C4}.Release|x64.Build.0 = Release|x64
		{FEEDF4BB-E68C-47D1-8927-753FA61777C4}.Release|x86.ActiveCfg = Release|Win32
		{FEEDF4BB-E68C-47D1-8927-753FA61777C4}.Release|x86.Build.0 = Release|Win32
		{63995839-D695-4E91-B636-968EC5BDB066}.Debug|x64.ActiveCfg = Debug|x64
		{63995839-D695-4E91-B636-968EC5BDB066}.Debug|x64.Build.0 = Debug|x64
		{63995839-D695-4E91-B636-968EC5BDB066}.Debug|x86.ActiveCfg = Debug|Win32
		{63995839-D695-4E91-B636-968EC5BDB066}.Debug|x86.Build.0 = Debug|Win32
		{63995839-D695-4E91-B636-968EC5BDB066}.Release|x64.ActiveCfg = Release|x64
		{63995839-D695-4E91-B636-968EC5BDB066}.Release|x64.Build.0 = Release|x64
		{63995839-D695-4E91-B636-968EC5BDB066}.Release|x86.ActiveCfg = Release|Win32
		{63995839-D695-4E91-B636-968EC5BDB066}.Release|x86.Build.0 = Release|Win32
		{F03EE693-2268-4CBA-BD04-8937F6B1B875}.Debug|x64.ActiveCfg = Debug|x64
		{F03EE693-2268-4CBA-BD04-8937F6B1B875}.Debug|x64.Build.0 = Debug|x64
		{F03EE693-2268-4CBA-BD04-8937F6B1B875}.Debug|x86.ActiveCfg = Debug|Win32
		{F03EE693-2268-4CBA-BD04-8937F6B1B875}.Debug|x86.Build.0 = Debug|Win32
		{F03EE693-2268-4CBA-BD04-8937F6B1B875}.Release|x64.ActiveCfg = Release|x64
		{F03EE693-2268-4CBA-BD04-8937F6B1B875}.Release|x64.Build.0 = Release|x64
		{F03EE693-2268-4CBA-BD04-8937F6B1B875}.Release|x86.ActiveCfg = Release|Win32
		{F03EE693-2268-4CBA-BD04-8937F6B1B875}.Release|x86.Build.0 = Release|Win32
		{718A26E1-A79E-45BC-B703-F97F1B7F9D8A}.Debug|x64.ActiveCfg = Debug|x64
		{718A26E1-A79E-45BC-B703-F97F1B7F9D8A}.Debug|x64.Build.0 = Debug|x64
		{718A26E1-A79E-45BC-B703-F97F1B7F9D8A}.Debug|x86.ActiveCfg = Debug|Win32
		{718A26E1-A79E-45BC-B703-F97F1B7F9D8A}.Debug|x86.Build.0 = Debug|Win32
		{718A26E1-A79E-45BC-B703-F97F1B7F9D8A}.Release|x64.ActiveCfg = Release|x64
		{718A26E1-A79E-45BC-B703-F97F1B7F9D8A}.Release|x64.Build.0 = Release|x64
		{718A26E1-A79E-45BC-B703-F97F1B7F9D8A}.Release|x86.ActiveCfg = Release|Win32
		{718A26E1-A79E-45BC-B703-F97F1B7F9D8A}.Release|x86.Build.0 = Release|Win32
		{2BD094B1-0330-4258-B889-BF3BDD09FDEB}.Debug|x64.ActiveCfg = Debug|x64
		{2BD094B1-0330-4258-B889-BF3BDD09FDEB}.Debug|x64.Build.0 = Debug|x64
		{2BD094B1-0330-4258-B889-BF3BDD09FDEB}.Debug|x86.ActiveCfg = Debug|Win32
		{2BD094B1-0330-4258-B889-BF3BDD09FDEB}.Debug|x86.Build.0 = Debug|Win32
		{2BD094B1-0330-4258-B889-BF3BDD09FDEB}.Release|x64.ActiveCfg = Release|x64
		{2BD094B1-0330-4258-B889-BF3BDD09FDEB}.Release|x64.Build.0 = Release|x64
		{2BD094B1-0330-4258-B889-BF3BDD09FDEB}.Release|x86.ActiveCfg = Release|Win32
		{2BD094B1-0330-4258-B889-BF3BDD09FDEB}.Release|x86.Build.0 = Release|Win32
		{E0269B43-0492-418A-BD8D-9EEE4A60CBD5}.Debug|x64.ActiveCfg = Debug|x64
		{E0269B43-0492-418A-BD8D-9EEE4A60CBD5}.Debug|x64.Build.0 = Debug|x64
		{E0269B43-0492-418A-BD8D-9EEE4A60CBD5}.Debug|x86.ActiveCfg = Debug|Win32
		{E0269B43-0492-418A-BD8D-9EEE4A60CBD5}.Debug|x86.Build.0 = Debug|Win32
		{E0269B43-0492-418A-BD8D-9EEE4A60CBD5}.Release|x64.ActiveCfg = Release|x64
		{E0269B43-0492-418A-BD8D-9EEE4A60CBD5}.Release|x64.Build.0 = Release|x64
		{E0269B43-0492-418A-BD8D-9EEE4A60CBD5}.Release|x86.ActiveCfg = Release|Win32
		{E0269B43-0492-418A-BD8D-9EEE4A60CBD5}.Release|x86.Build.0 = Release|Win32
		{77ED1E45-E59E-4FFD-B08F-E4E64A70F999}.Debug|x64.ActiveCfg = Debug|x64
		{77ED1E45-E59E-4FFD-B08F-E4E64A70F999}.Debug|x64.Build.0 = Debug|x64
		{77ED1E45-E59E-4FFD-B08F-E4E64A70F999}.Debug|x86.ActiveCfg = Debug|Win32
		{77ED1E45-E59E-4FFD-B08F-E4E64A70F999}.Debug|x86.Build.0 = Debug|Win32
		{77ED1E45-E59E-4FFD-B08F-E4E64A70F999}.Release|x64.ActiveCfg = Release|x64
		{77ED1E45-E59E-4FFD-B08F-E4E64A70F999}.Release|x64.Build.0 = Release|x64
		{77ED1E45-E59E-4FFD-B08F-E4E64A70F999}.Release|x86.ActiveCfg = Release|Win32
		{77ED1E45-E59E-4FFD-B08F-E4E64A70F999}.Release|x86.Build.0 = Release|Win32
		{627F0012-A9F7-4443-B8C2-D57726A1F096}.Debug|x64.ActiveCfg = Debug|x64
		{627F0012-A9F7-4443-B8C2-D57726A1F096}.Debug|x64.Build.0 = Debug|x64
		{627F0012-A9F7-4443-B8C2-D57726A1F096}.Debug|x86.ActiveCfg = Debug|Win32
		{627F0012-A9F7-4443-B8C2-D57726A1F096}.Debug|x86.Build.0 = Debug|Win32
		{627F0012-A9F7-4443-B8C2-D57726A1F096}.Release|x64.ActiveCfg = Release|x64
		{627F0012-A9F7-4443-B8C2-D57726A1F096}.Release|x64.Build.0 = Release|x64
		{627F0012-A9F7-4443-B8C2-D57726A1F096}.Release|x86.ActiveCfg = Release|Win32
		{627F0012-A9F7-4443-B8C2-D57726A1F096}.Release|x86.Build.0 = Release|Win32
		{836E0074-CBF3-455D-942E-C2FAC5A23C7E}.Debug|x64.ActiveCfg = Debug|x64
		{836E0074-CBF3-455D-942E-C2FAC5A23C7E}.Debug|x64.Build.0 = Debug|x64
		{836E0074-CBF3-455D-942E-C2FAC5A23C7E}.Debug|x86.ActiveCfg = Debug|Win32
		{836E0074-CBF3-455D-942E-C2FAC5A23C7E}.Debug|x86.Build.0 = Debug|Win32
		{836E0074-CBF3-455D-942E-C2FAC5A23C7E}.Release|x64.ActiveCfg = Release|x64
		{836E0074-CBF3-455D-942E-C2FAC5A23C7E}.Release|x64.Build.0 = Release|x64
		{836E0074-CBF3-455D-942E-C2FAC5A23C7E}.Release|x86.ActiveCfg = Release|Win32
		{836E0074-CBF3-455D-942E-C2FAC5A23C7E}.Release|x86.Build.0 = Release|Win32
		{9DF1C0A4-2741-411E-9F65-94B068D16F3D}.Debug|x64.ActiveCfg = Debug|x64
		{9DF1C0A4-2741-411E-9F65-94B068D16F3D}.Debug|x64.Build.0 = Debug|x64
		{9DF1C0A4-2741-411E-9F65-94B068D16F3D}.Debug|x86.ActiveCfg = Debug|Win32
		{9DF1C0A4-2741-411E-9F65-94B068D16F3D}.Debug|x86.Build.0 = Debug|Win32
		{9DF1C0A4-2741-411E-9F65-94B068D16F3D}.Release|x64.ActiveCfg = Release|x64
		{9DF1C0A4-2741-411E-9F65-94B068D16F3D}.Release|x64.Build.0 = Release|x64
		{9DF1C0A4-2741-411E-9F65-94B068D16F3D}.Release|x86.ActiveCfg = Release|Win32
		{9DF1C0A4-2741-411E-9F65-94B068D16F3D}.Release|x86.Build.0 = Release|Win32
		{B8D03D04-B1BA-4171-9799-D9FC7A50876E}.Debug|x64.ActiveCfg = Debug|x64
		{B8D03D04-B1BA-4171-9799-D9FC7A50876E}.Debug|x64.Build.0 = Debug|x64
		{B8D03D04-B1BA-4171-9799-D9FC7A50876E}.Debug|x86.ActiveCfg = Debug|Win32
		{B8D03D04-B1BA-4171-9799-D9FC7A50876E}.Debug|x86.Build.0 = Debug|Win32
		{B8D03D04-B1BA-4171-9799-D9FC7A50876E}.Release|x64.ActiveCfg = Release|x64
		{B8D03D04-B1BA-4171-9799-D9FC7A50876E}.Release|x64.Build.0 = Release|x64
		{B8D03D04-B1BA-4171-9799-D9FC7A50876E}.Release|x86.ActiveCfg = Release|Win32
		{B8D03D04-B1BA-4171-9799-D9FC7A50876E}.Release|x86.Build.0 = Release|Win32
		{6B46DB7C-7269-45D9-B639-001FA0551755}.Debug|x64.ActiveCfg = Debug|x64
		{6B46DB7C-7269-45D9-B639-001FA0551755}.Debug|x64.Build.0 = Debug|x64
		{6B46DB7C-7269-45D9-B639-001FA0551755}.Debug|x86.ActiveCfg = Debug|Win32
		{6B46DB7C-7269-45D9-B639-001FA0551755}.Debug|x86.Build.0 = Debug|Win32
		{6B46DB7C-7269-45D9-B639-001FA0551755}.Release|x64.ActiveCfg = Release|x64
		{6B46DB7C-7269-45D9-B639-001FA0551755}.Release|x64.Build.0 = Release|x64
		{6B46DB7C-7269-45D9-B639-001FA0551755}.Release|x86.ActiveCfg = Release|Win32
		{6B46DB7C-7269-45D9-B639-001FA0551755}.Release|x86.Build.0 = Release|Win32
		{ADA41162-FA95-4596-9539-F7012DB490D1}.Debug|x64.ActiveCfg = Debug|x64
		{ADA41162-FA95-4596-9539-F7012DB490D1}.Debug|x64.Build.0 = Debug|x64
		{ADA41162-FA95-4596-9539-F7012DB490D1}.Debug|x86.ActiveCfg = Debug|Win32
		{ADA41162-FA95-4596-9539-F7012DB490D1}.Debug|x86.Build.0 = Debug|Win32
		{ADA41162-FA95-4596-9539-F7012DB490D1}.Release|x64.ActiveCfg = Release|x64
		{ADA41162-FA95-4596-9539-F7012DB490D1}.Release|x64.Build.0 = Release|x64
		{ADA41162-FA95-4596-9539-F7012DB490D1}.Release|x86.ActiveCfg = Release|Win32
		{ADA41162-FA95-4596-9539-F7012DB490D1}.Release|x86.Build.0 = Release|Win32
		{D35E0E69-B22F-44DD-9088-2917E55496BE}.Debug|x64.ActiveCfg = Debug|x64
		{D35E0E69-B22F-44DD-9088-2917E55496BE}.Debug|x64.Build.0 = Debug|x64
		{D35E0E69-B22F-44DD-9088-2917E55496BE}.Debug|x86.ActiveCfg = Debug|Win32
		{D35E0E69-B22F-44DD-9088-2917E55496BE}.Debug|x86.Build.0 = Debug|Win32
		{D35E0E69-B22F-44DD-9088-2917E55496BE}.Release|x64.ActiveCfg = Release|x64
		{D35E0E69-B22F-44DD-9088-2917E55496BE}.Release|x64.Build.0 = Release|x64
		{D35E0E69-B22F-44DD-9088-2917E55496BE}.Release|x86.ActiveCfg = Release|Win32
		{D35E0E69-B22F-44DD-9088-2917E55496BE}.Release|x86.Build.0 = Release|Win32
		{8E0DE233-544B-41A1-8BC7-34DDA046CDC4}.Debug|x64.ActiveCfg = Debug|x64
		{8E0DE233-544B-41A1-8BC7-34DDA046CDC4}.Debug|x64.Build.0 = Debug|x64
		{8E0DE233-544B-41A1-8BC7-34DDA046CDC4}.Debug|x86.ActiveCfg = Debug|Win32
		{8E0DE233-544B-41A1-8BC7-34DDA046CDC4}.Debug|x86.Build.0 = Debug|Win32
		{8E0DE233-544B-41A1-8BC7-34DDA046CDC4}.Release|x64.ActiveCfg = Release|x64
		{8E0DE233-544B-41A1-8BC7-34DDA046CDC4}.Release|x64.Build.0 = Release|x64
		{8E0DE233-544B-41A1-8BC7-34DDA046CDC4}.Release|x86.ActiveCfg = Release|Win32
		{8E0DE233-544B-41A1-8BC7-34DDA046CDC4}.Release|x86.Build.0 = Release|Win32
		{0015FB6E-C492-4E60-9CD3-38601242721E}.Debug|x64.ActiveCfg = Debug|x64
		{0015FB6E-C492-4E60-9CD3-38601242721E}.Debug|x64.Build.0 = Debug|x64
		{0015FB6E-C492-4E60-9CD3-38601242721E}.Debug|x86.ActiveCfg = Debug|Win32
		{0015FB6E-C492-4E60-9CD3-38601242721E}.Debug|x86.Build.0 = Debug|Win32
		{0015FB6E-C492-4E60-9CD3-38601242721E}.Release|x64.ActiveCfg = Release|x64
		{0015FB6E-C492-4E60-9CD3-38601242721E}.Release|x64.Build.0 = Release|x64
		{0015FB6E-C492-4E60-9CD3-38601242721E}.Release|x86.ActiveCfg = Release|Win32
		{0015FB6E-C492-4E60-9CD3-38601242721E}.Release|x86.Build.0 = Release|Win32
		{E77B1577-146F-4AE4-9E89-3CFA9CF129AC}.Debug|x64.ActiveCfg = Debug|x64
		{E77B1577-146F-4AE4-9E89-3CFA9CF129AC}.Debug|x64.Build.0 = Debug|x64
		{E77B1577-146F-4AE4-9E89-3CFA9CF129AC}.Debug|x86.ActiveCfg = Debug|Win32
		{E77B1577-146F-4AE4-9E89-3CFA9CF129AC}.Debug|x86.Build.0 = Debug|Win32
		{E77B1577-146F-4AE4-9E89-3CFA9CF129AC}.Release|x64.ActiveCfg = Release|x64
		{E77B1577-146F-4AE4-9E89-3CFA9CF129AC}.Release|x64.Build.0 = Release|x64
		{E77B1577-146F-4AE4-9E89-3CFA9CF129AC}.Release|x86.ActiveCfg = Release|Win32
		{E77B1577-146F-4AE4-9E89-3CFA9CF129AC}.Release|x86.Build.0 = Release|Win32
		{0E262382-63BA-448D-9FF0-B012C340E665}.Debug|x64.ActiveCfg = Debug|x64
		{0E262382-63BA-448D-9FF0-B012C340E665}.Debug|x64.Build.0 = Debug|x64
		{0E262382-63BA-448D-9FF0-B012C340E665}.Debug|x86.ActiveCfg = Debug|Win32
		{0E262382-63BA-448D-9FF0-B012C340E665}.Debug|x86.Build.0 = Debug|Win32
		{0E262382-63BA-448D-9FF0-B012C340E665}.Release|x64.ActiveCfg = Release|x64
		{0E262382-63BA-448D-9FF0-B012C340E665}.Release|x64.Build.0 = Release|x64
		{0E262382-63BA-448D-9FF0-B012C340E665}.Release|x86.ActiveCfg = Release|Win32
		{0E262382-63BA-448D-9FF0-B012C340E665}.Release|x86.Build.0 = Release|Win32
		{AF62DB74-F166-42CF-8C53-FF9C1AA1E66C}.Debug|x64.ActiveCfg = Debug|x64
		{AF62DB74-F166-42CF-8C53-FF9C1AA1E66C}.Debug|x64.Build.0 = Debug|x64
		{AF62DB74-F166-42CF-8C53-FF9C1AA1E66C}.Debug|x86.ActiveCfg = Debug|Win32
		{AF62DB74-F166-42CF-8C53-FF9C1AA1E66C}.Debug|x86.Build.0 = Debug|Win32
		{AF62DB74-F166-42CF-8C53-FF9C1AA1E66C}.Release|x64.ActiveCfg = Release|x64
		{AF62DB74-F166-42CF-8C53-FF9C1AA1E66C}.Release|x64.Build.0 = Release|x64
		{AF62DB74-F166-42CF-8C53-FF9C1AA1E66C}.Release|x86.ActiveCfg = Release|Win32
		{AF62DB74-F166-42CF-8C53-FF9C1AA1E66C}.Release|x86.Build.0 = Release|Win32
		{27D07AF0-5D4F-4736-8DAC-E330A0FB6733}.Debug|x64.ActiveCfg = Debug|x64
		{27D07AF0-5D4F-4736-8DAC-E330A0FB6733}.Debug|x64.Build.0 = Debug|x64
		{27D07AF0-5D4F-4736-8DAC-E330A0FB6733}.Debug|x86.ActiveCfg = Debug|Win32
		{27D07AF0-5D4F-4736-8DAC-E330A0FB6733}.Debug|x86.Build.0 = Debug|Win32
		{27D07AF0-5D4F-4736-8DAC-E330A0FB6733}.Release|x64.ActiveCfg = Release|x64
		{27D07AF0-5D4F-4736-8DAC-E330A0FB6733}.Release|x64.Build.0 = Release|x64
		{27D07AF0-5D4F-4736-8DAC-E330A0FB6733}.Release|x86.ActiveCfg = Release|Win32
		{27D07AF0-5D4F-4736-8DAC-E330A0FB6733}.Release|x86.Build.0 = Release|Win32
		{3E8C7580-14F8-4C30-B21E-3004C5DB8B92}.Debug|x64.ActiveCfg = Debug|x64
		{3E8C7580-14F8-4C30-B21E-3004C5DB8B92}.Debug|x64.Build.0 = Debug|x64
		{3E8C7580-14F8-4C30-B21E-3004C5DB8B92}.Debug|x86.ActiveCfg = Debug|Win32
		{3E8C7580-14F8-4C30-B21E-3004C5DB8B92}.Debug|x86.Build.0 = Debug|Win32
		{3E8C7580-14F8-4C30-B21E-3004C5DB8B92}.Release|x64.ActiveCfg = Release|x64
		{3E8C7580-14F8-4C30-B21E-3004C5DB8B92}.Release|x64.Build.0 = Release|x64
		{3E8C7580-14F8-4C30-B21E-3004C5DB8B92}.Release|x86.ActiveCfg = Release|Win32
		{3E8C7580-14F8-4C30-B21E-3004C5DB8B92}.Release|x86.Build.0 = Release|Win32
		{F6BCAC6E-A504-4CB6-9AA8-35643BCA9301}.Debug|x64.ActiveCfg = Debug|x64
		{F6BCAC6E-A504-4CB6-9AA8-35643BCA9301}.Debug|x64.Build.0 = Debug|x64
		{F6BCAC6E-A504-4CB6-9AA8-35643BCA9301}.Debug|x86.ActiveCfg = Debug|Win32
		{F6BCAC6E-A504-4CB6-9AA8-35643BCA9301}.Debug|x86.Build.0 = Debug|Win32
		{F6BCAC6E-A504-4CB6-9AA8-35643BCA9301}.Release|x64.ActiveCfg = Release|x64
		{F6BCAC6E-A504-4CB6-9AA8-35643BCA9301}.Release|x64.Build.0 = Release|x64
		{F6BCAC6E-A504-4CB6-9AA8-35643BCA9301}.Release|x86.ActiveCfg = Release|Win32
		{F6BCAC6E-A504-4CB6-9AA8-35643BCA9301}.Release|x86.Build.0 = Release|Win32
		{A955FC71-5312-4EB3-A771-7385C5C75D6A}.Debug|x64.ActiveCfg = Debug|x64
		{A955FC71-5312-4EB3-A771-7385C5C75D6A}.Debug|x64.Build.0 = Debug|x64
		{A955FC71-5312-4EB3-A771-7385C5C75D6A}.Debug|x86.ActiveCfg = Debug|Win32
		{A955FC71-5312-4EB3-A771-7385C5C75D6A}.Debug|x86.Build.0 = Debug|Win32
		{A955FC71-5312-4EB3-A771-7385C5C75D6A}.Release|x64.ActiveCfg = Release|x64
		{A955FC71-5312-4EB3-A771-7385C5C75D6A}.Release|x64.Build.0 = Release|x64
		{A955FC71-5312-4EB3-A771-7385C5C75D6A}.Release|x86.ActiveCfg = Release|Win32
		{A955FC71-5312-4EB3-A771-7385C5C75D6A}.Release|x86.Build.0 = Release|Win32
		{244C0E3B-D350-4E9F-99C6-EA381ED993D2}.Debug|x64.ActiveCfg = Debug|x64
		{244C0E3B-D350-4E9F-99C6-EA381ED993D2}.Debug|x64.Build.0 = Debug|x64
		{244C0E3B-D350-4E9F-99C6-EA381ED993D2}.Debug|x86.ActiveCfg = Debug|Win32
		{244C0E3B-D350-4E9F-99C6-EA381ED993D2}.Debug|x86.Build.0 = Debug|Win32
		{244C0E3B-D350-4E9F-99C6-EA381ED993D2}.Release|x64.ActiveCfg = Release|x64
		{244C0E3B-D350-4E9F-99C6-EA381ED993D2}.Release|x64.Build.0 = Release|x64
		{244C0E3B-D350-4E9F-99C6-EA381ED993D2}.Release|x86.ActiveCfg = Release|Win32
		{244C0E3B-D350-4E9F-99C6-EA381ED993D2}.Release|x86.Build.0 = Release|Win32
		{BC9E51CF-D5E2-4D5B-8DED-5E65F43808D0}.Debug|x64.ActiveCfg = Debug|x64
		{BC9E51CF-D5E2-4D5B-8DED-5E65F43808D0}.Debug|x64.Build.0 = Debug|x64
		{BC9E51CF-D5E2-4D5B-8DED-5E65F43808D0}.Debug|x86.ActiveCfg = Debug|Win32
		{BC9E51CF-D5E2-4D5B-8DED-5E65F43808D0}.Debug|x86.Build.0 = Debug|Win32
		{BC9E51CF-D5E2-4D5B-8DED-5E65F43808D0}.Release|x64.ActiveCfg = Release|x64
		{BC9E51CF-D5E2-4D5B-8DED-5E65F43808D0}.Release|x64.Build.0 = Release|x64
		{BC9E51CF-D5E2-4D5B-8DED-5E65F43808D0}.Release|x86.ActiveCfg = Release|Win32
		{BC9E51CF-D5E2-4D5B-8DED-5E65F43808D0}.Release|x86.Build.0 = Release|Win32
		{9CB3AF5E-D3E7-4E67-BB46-06F7BE2FDA80}.Debug|x64.ActiveCfg = Debug|x64
		{9CB3AF5E-D3E7-4E67-BB46-06F7BE2FDA80}.Debug|x64.Build.0 = Debug|x64
		{9CB3AF5E-D3E7-4E67-BB46-06F7BE2FDA80}.Debug|x86.ActiveCfg = Debug|Win32
		{9CB3AF5E-D3E7-4E67-BB46-06F7BE2FDA80}.Debug|x86.Build.0 = Debug|Win32
		{9CB3AF5E-D3E7-4E67-BB46-06F7BE2FDA80}.Release|x64.ActiveCfg = Release|x64
		{9CB3AF5E-D3E7-4E67-BB46-06F7BE2FDA80}.Release|x64.Build.0 = Release|x64
		{9CB3AF5E-D3E7-4E67-BB46-06F7BE2FDA80}.Release|x86.ActiveCfg = Release|Win32
		{9CB3AF5E-D3E7-4E67-BB46-06F7BE2FDA80}.Release|x86.Build.0 = Release|Win32
		{DF2E58C4-7A40-44E2-AC70-30EC00EE53F1}.Debug|x64.ActiveCfg = Debug|x64
		{DF2E58C4-7A40-44E2-AC70-30EC00EE53F1}.Debug|x64.Build.0 = Debug|x64
		{DF2E58C4-7A40-44E2-AC70-30EC00EE53F1}.Debug|x86.ActiveCfg = Debug|Win32
		{DF2E58C4-7A40-44E2-AC70-30EC00EE53F1}.Debug|x86.Build.0 = Debug|Win32
		{DF2E58C4-7A40-44E2-AC70-30EC00EE53F1}.Release|x64.ActiveCfg = Release|x64
		{DF2E58C4-7A40-44E2-AC70-30EC00EE53F1}.Release|x64.Build.0 = Release|x64
		{DF2E58C4-7A40-44E2-AC70-30EC00EE53F1}.Release|x86.ActiveCfg = Release|Win32
		{DF2E58C4-7A40-44E2-AC70-30EC00EE53F1}.Release|x86.Build.0 = Release|Win32
		{FFA5028F-7093-4564-A24B-22E94965B575}.Debug|x64.ActiveCfg = Debug|x64
		{FFA5028F-7093-4564-A24B-22E94965B575}.Debug|x64.Build.0 = Debug|x64
		{FFA5028F-7093-4564-A24B-22E94965B575}.Debug|x86.ActiveCfg = Debug|Win32
		{FFA5028F-7093-4564-A24B-22E94965B575}.Debug|x86.Build.0 = Debug|Win32
		{FFA5028F-7093-4564-A24B-22E94965B575}.Release|x64.ActiveCfg = Release|x64
		{FFA5028F-7093-4564-A24B-22E94965B575}.Release|x64.Build.0 = Release|x64
		{FFA5028F-7093-4564-A24B-22E94965B575}.Release|x86.ActiveCfg = Release|Win32
		{FFA5028F-7093-4564-A24B-22E94965B575}.Release|x86.Build.0 = Release|Win32
		{A5D0B329-C724-439B-8DF5-93AA0D79B8C8}.Debug|x64.ActiveCfg = Debug|x64
		{A5D0B329-C724-439B-8DF5-93AA0D79B8C8}.Debug|x64.Build.0 = Debug|x64
		{A5D0B329-C724-439B-8DF5-93AA0D79B8C8}.Debug|x86.ActiveCfg = Debug|Win32
		{A5D0B329-C724-439B-8DF5-93AA0D79B8C8}.Debug|x86.Build.0 = Debug|Win32
		{A5D0B329-C724-439B-8DF5-93AA0D79B8C8}.Release|x64.ActiveCfg = Release|x64
		{A5D0B329-C724-439B-8DF5-93AA0D79B8C8}.Release|x64.Build.0 = Release|x64
		{A5D0B329-C724-439B-8DF5-93AA0D79B8C8}.Release|x86.ActiveCfg = Release|Win32
		{A5D0B329-C724-439B-8DF5-93AA0D79B8C8}.Release|x86.Build.0 = Release|Win32
		{203783DD-15BF-4E0A-8F51-AF555D41B00C}.Debug|x64.ActiveCfg = Debug|x64
		{203783DD-15BF-4E0A-8F51-AF555D41B00C}.Debug|x64.Build.0 = Debug|x64
		{203783DD-15BF-4E0A-8F51-AF555D41B00C}.Debug|x86.ActiveCfg = Debug|Win32
		{203783DD-15BF-4E0A-8F51-AF555D41B00C}.Debug|x86.Build.0 = Debug|Win32
		{203783DD-15BF-4E0A-8F51-AF555D41B00C}.Release|x64.ActiveCfg = Release|x64
		{203783DD-15BF-4E0A-8F51-AF555D41B00C}.Release|x64.Build.0 = Release|x64
		{203783DD-15BF-4E0A-8F51-AF555D41B00C}.Release|x86.ActiveCfg = Release|Win32
		{203783DD-15BF-4E0A-8F51-AF555D41B00C}.Release|x86.Build.0 = Release|Win32
	EndGlobalSection
	GlobalSection(SolutionProperties) = preSolution
		HideSolutionNode = FALSE
	EndGlobalSection
	GlobalSection(ExtensibilityGlobals) = postSolution
		SolutionGuid = {B1ABC404-5706-4E88-B370-378606B16EC7}
	EndGlobalSection
EndGlobal
